
Microsoft Visual Studio Solution File, Format Version 12.00
# Visual Studio Version 17
VisualStudioVersion = 17.9.34616.47
MinimumVisualStudioVersion = 10.0.40219.1
Project("{FAE04EC0-301F-11D3-BF4B-00C04F79EFBC}") = "Teste_E_F", "Teste_E_F.csproj", "{A3ACFF11-7238-4D51-A1BD-10F38C92A60C}"
EndProject
Global
	GlobalSection(SolutionConfigurationPlatforms) = preSolution
		Debug|Any CPU = Debug|Any CPU
		Release|Any CPU = Release|Any CPU
	EndGlobalSection
	GlobalSection(ProjectConfigurationPlatforms) = postSolution
		{A3ACFF11-7238-4D51-A1BD-10F38C92A60C}.Debug|Any CPU.ActiveCfg = Debug|Any CPU
		{A3ACFF11-7238-4D51-A1BD-10F38C92A60C}.Debug|Any CPU.Build.0 = Debug|Any CPU
		{A3ACFF11-7238-4D51-A1BD-10F38C92A60C}.Release|Any CPU.ActiveCfg = Release|Any CPU
		{A3ACFF11-7238-4D51-A1BD-10F38C92A60C}.Release|Any CPU.Build.0 = Release|Any CPU
	EndGlobalSection
	GlobalSection(SolutionProperties) = preSolution
		HideSolutionNode = FALSE
	EndGlobalSection
	GlobalSection(ExtensibilityGlobals) = postSolution
		SolutionGuid = {65D190D9-1856-4FE1-AB20-D64C1297EB81}
	EndGlobalSection
EndGlobal
